
Microsoft Visual Studio Solution File, Format Version 12.00
# Visual Studio Version 17
VisualStudioVersion = 17.1.32210.238
MinimumVisualStudioVersion = 10.0.40219.1
Project("{FAE04EC0-301F-11D3-BF4B-00C04F79EFBC}") = "AddressBook1", "AddressBook1\AddressBook1.csproj", "{FEACF24E-502F-4707-A4B6-B775B5BD1487}"
EndProject
Global
	GlobalSection(SolutionConfigurationPlatforms) = preSolution
		Debug|Any CPU = Debug|Any CPU
		Release|Any CPU = Release|Any CPU
	EndGlobalSection
	GlobalSection(ProjectConfigurationPlatforms) = postSolution
		{FEACF24E-502F-4707-A4B6-B775B5BD1487}.Debug|Any CPU.ActiveCfg = Debug|Any CPU
		{FEACF24E-502F-4707-A4B6-B775B5BD1487}.Debug|Any CPU.Build.0 = Debug|Any CPU
		{FEACF24E-502F-4707-A4B6-B775B5BD1487}.Release|Any CPU.ActiveCfg = Release|Any CPU
		{FEACF24E-502F-4707-A4B6-B775B5BD1487}.Release|Any CPU.Build.0 = Release|Any CPU
	EndGlobalSection
	GlobalSection(SolutionProperties) = preSolution
		HideSolutionNode = FALSE
	EndGlobalSection
	GlobalSection(ExtensibilityGlobals) = postSolution
		SolutionGuid = {A8B12C9C-0F0F-4CF8-9392-EC90D29E68E7}
	EndGlobalSection
EndGlobal
